{
  "requires": true,
  "lockfileVersion": 1,
  "dependencies": {
    "mixpanel-browser": {
      "version": "2.29.1",
      "resolved": "https://registry.npmjs.org/mixpanel-browser/-/mixpanel-browser-2.29.1.tgz",
      "integrity": "sha512-RSBqVBznOkKBz3MkCXRrkTEEXqoNNYAbASpjaCxvhpT5pykWhjh7JY54fAmOvtG9XNL3GHYA6XiB7Yos4ngNYQ=="
    }
  }
}
